
Microsoft Visual Studio Solution File, Format Version 12.00
# Visual Studio Version 17
VisualStudioVersion = 17.7.34031.279
MinimumVisualStudioVersion = 10.0.40219.1
Project("{FAE04EC0-301F-11D3-BF4B-00C04F79EFBC}") = "No_SOLID", "No_SOLID\No_SOLID\No_SOLID.csproj", "{66AAF6E1-5C42-452B-B1F4-FDB5BF03A046}"
EndProject
Project("{FAE04EC0-301F-11D3-BF4B-00C04F79EFBC}") = "With_SOLID", "With_SOLID\With_SOLID\With_SOLID.csproj", "{6E8A7063-AB4D-431D-8A3B-60A4E88ACF02}"
EndProject
Global
	GlobalSection(SolutionConfigurationPlatforms) = preSolution
		Debug|Any CPU = Debug|Any CPU
		Release|Any CPU = Release|Any CPU
	EndGlobalSection
	GlobalSection(ProjectConfigurationPlatforms) = postSolution
		{66AAF6E1-5C42-452B-B1F4-FDB5BF03A046}.Debug|Any CPU.ActiveCfg = Debug|Any CPU
		{66AAF6E1-5C42-452B-B1F4-FDB5BF03A046}.Debug|Any CPU.Build.0 = Debug|Any CPU
		{66AAF6E1-5C42-452B-B1F4-FDB5BF03A046}.Release|Any CPU.ActiveCfg = Release|Any CPU
		{66AAF6E1-5C42-452B-B1F4-FDB5BF03A046}.Release|Any CPU.Build.0 = Release|Any CPU
		{6E8A7063-AB4D-431D-8A3B-60A4E88ACF02}.Debug|Any CPU.ActiveCfg = Debug|Any CPU
		{6E8A7063-AB4D-431D-8A3B-60A4E88ACF02}.Debug|Any CPU.Build.0 = Debug|Any CPU
		{6E8A7063-AB4D-431D-8A3B-60A4E88ACF02}.Release|Any CPU.ActiveCfg = Release|Any CPU
		{6E8A7063-AB4D-431D-8A3B-60A4E88ACF02}.Release|Any CPU.Build.0 = Release|Any CPU
	EndGlobalSection
	GlobalSection(SolutionProperties) = preSolution
		HideSolutionNode = FALSE
	EndGlobalSection
	GlobalSection(ExtensibilityGlobals) = postSolution
		SolutionGuid = {57A72F0A-88B9-498A-A421-15A31ACAA9D8}
	EndGlobalSection
EndGlobal
